
Microsoft Visual Studio Solution File, Format Version 12.00
# Visual Studio Version 16
VisualStudioVersion = 16.0.28917.181
MinimumVisualStudioVersion = 10.0.40219.1
Project("{FAE04EC0-301F-11D3-BF4B-00C04F79EFBC}") = "UdfSerializer", "UdfSerializer\UdfSerializer.csproj", "{AE2942BF-F1BD-452F-AFA8-9BC9B3001A57}"
EndProject
Global
	GlobalSection(SolutionConfigurationPlatforms) = preSolution
		Debug|Any CPU = Debug|Any CPU
		Release|Any CPU = Release|Any CPU
	EndGlobalSection
	GlobalSection(ProjectConfigurationPlatforms) = postSolution
		{AE2942BF-F1BD-452F-AFA8-9BC9B3001A57}.Debug|Any CPU.ActiveCfg = Debug|Any CPU
		{AE2942BF-F1BD-452F-AFA8-9BC9B3001A57}.Debug|Any CPU.Build.0 = Debug|Any CPU
		{AE2942BF-F1BD-452F-AFA8-9BC9B3001A57}.Release|Any CPU.ActiveCfg = Release|Any CPU
		{AE2942BF-F1BD-452F-AFA8-9BC9B3001A57}.Release|Any CPU.Build.0 = Release|Any CPU
	EndGlobalSection
	GlobalSection(SolutionProperties) = preSolution
		HideSolutionNode = FALSE
	EndGlobalSection
	GlobalSection(ExtensibilityGlobals) = postSolution
		SolutionGuid = {50BF2EE8-7F9C-47D6-8CF1-CBA3C0F94088}
	EndGlobalSection
EndGlobal
